
Microsoft Visual Studio Solution File, Format Version 12.00
# Visual Studio Version 17
VisualStudioVersion = 17.5.002.0
MinimumVisualStudioVersion = 10.0.40219.1
Project("{9A19103F-16F7-4668-BE54-9A1E7A4F7556}") = "Api-dotnet", "Api-dotnet.csproj", "{6BD5502B-E6FC-4F17-9CFD-65E5902A9E69}"
EndProject
Global
	GlobalSection(SolutionConfigurationPlatforms) = preSolution
		Debug|Any CPU = Debug|Any CPU
		Release|Any CPU = Release|Any CPU
	EndGlobalSection
	GlobalSection(ProjectConfigurationPlatforms) = postSolution
		{6BD5502B-E6FC-4F17-9CFD-65E5902A9E69}.Debug|Any CPU.ActiveCfg = Debug|Any CPU
		{6BD5502B-E6FC-4F17-9CFD-65E5902A9E69}.Debug|Any CPU.Build.0 = Debug|Any CPU
		{6BD5502B-E6FC-4F17-9CFD-65E5902A9E69}.Release|Any CPU.ActiveCfg = Release|Any CPU
		{6BD5502B-E6FC-4F17-9CFD-65E5902A9E69}.Release|Any CPU.Build.0 = Release|Any CPU
	EndGlobalSection
	GlobalSection(SolutionProperties) = preSolution
		HideSolutionNode = FALSE
	EndGlobalSection
	GlobalSection(ExtensibilityGlobals) = postSolution
		SolutionGuid = {8073AECD-F3DF-4C29-943D-5F3A94D176F3}
	EndGlobalSection
EndGlobal
